// !$*UTF8*$!
{
	archiveVersion = 1;
	classes = {
	};
	objectVersion = 46;
	objects = {

/* Begin PBXBuildFile section */
		446F01541D6C875A0045E0B6 /* main.cpp in Sources */ = {isa = PBXBuildFile; fileRef = 446F01531D6C875A0045E0B6 /* main.cpp */; };
		446F01601D6C8E190045E0B6 /* chapter3.cpp in Sources */ = {isa = PBXBuildFile; fileRef = 446F015E1D6C8E190045E0B6 /* chapter3.cpp */; };
		DAD0D32E1D6D92D000D0B9AE /* chapter6.cpp in Sources */ = {isa = PBXBuildFile; fileRef = DAD0D32C1D6D92D000D0B9AE /* chapter6.cpp */; };
/* End PBXBuildFile section */

/* Begin PBXCopyFilesBuildPhase section */
		446F014E1D6C875A0045E0B6 /* CopyFiles */ = {
			isa = PBXCopyFilesBuildPhase;
			buildActionMask = 2147483647;
			dstPath = /usr/share/man/man1/;
			dstSubfolderSpec = 0;
			files = (
			);
			runOnlyForDeploymentPostprocessing = 1;
		};
/* End PBXCopyFilesBuildPhase section */

/* Begin PBXFileReference section */
		446F01501D6C875A0045E0B6 /* cpp_primer */ = {isa = PBXFileReference; explicitFileType = "compiled.mach-o.executable"; includeInIndex = 0; path = cpp_primer; sourceTree = BUILT_PRODUCTS_DIR; };
		446F01531D6C875A0045E0B6 /* main.cpp */ = {isa = PBXFileReference; lastKnownFileType = sourcecode.cpp.cpp; path = main.cpp; sourceTree = "<group>"; };
		446F015E1D6C8E190045E0B6 /* chapter3.cpp */ = {isa = PBXFileReference; fileEncoding = 4; lastKnownFileType = sourcecode.cpp.cpp; path = chapter3.cpp; sourceTree = "<group>"; };
		446F015F1D6C8E190045E0B6 /* chapter3.hpp */ = {isa = PBXFileReference; fileEncoding = 4; lastKnownFileType = sourcecode.cpp.h; path = chapter3.hpp; sourceTree = "<group>"; };
		DAD0D32C1D6D92D000D0B9AE /* chapter6.cpp */ = {isa = PBXFileReference; fileEncoding = 4; lastKnownFileType = sourcecode.cpp.cpp; path = chapter6.cpp; sourceTree = "<group>"; };
		DAD0D32D1D6D92D000D0B9AE /* chapter6.hpp */ = {isa = PBXFileReference; fileEncoding = 4; lastKnownFileType = sourcecode.cpp.h; path = chapter6.hpp; sourceTree = "<group>"; };
/* End PBXFileReference section */

/* Begin PBXFrameworksBuildPhase section */
		446F014D1D6C875A0045E0B6 /* Frameworks */ = {
			isa = PBXFrameworksBuildPhase;
			buildActionMask = 2147483647;
			files = (
			);
			runOnlyForDeploymentPostprocessing = 0;
		};
/* End PBXFrameworksBuildPhase section */

/* Begin PBXGroup section */
		446F01471D6C875A0045E0B6 = {
			isa = PBXGroup;
			children = (
				446F01521D6C875A0045E0B6 /* cpp_primer */,
				446F01511D6C875A0045E0B6 /* Products */,
			);
			sourceTree = "<group>";
		};
		446F01511D6C875A0045E0B6 /* Products */ = {
			isa = PBXGroup;
			children = (
				446F01501D6C875A0045E0B6 /* cpp_primer */,
			);
			name = Products;
			sourceTree = "<group>";
		};
		446F01521D6C875A0045E0B6 /* cpp_primer */ = {
			isa = PBXGroup;
			children = (
				446F01531D6C875A0045E0B6 /* main.cpp */,
				446F015E1D6C8E190045E0B6 /* chapter3.cpp */,
				446F015F1D6C8E190045E0B6 /* chapter3.hpp */,
				DAD0D32C1D6D92D000D0B9AE /* chapter6.cpp */,
				DAD0D32D1D6D92D000D0B9AE /* chapter6.hpp */,
			);
			path = cpp_primer;
			sourceTree = "<group>";
		};
/* End PBXGroup section */

/* Begin PBXNativeTarget section */
		446F014F1D6C875A0045E0B6 /* cpp_primer */ = {
			isa = PBXNativeTarget;
			buildConfigurationList = 446F01571D6C875A0045E0B6 /* Build configuration list for PBXNativeTarget "cpp_primer" */;
			buildPhases = (
				446F014C1D6C875A0045E0B6 /* Sources */,
				446F014D1D6C875A0045E0B6 /* Frameworks */,
				446F014E1D6C875A0045E0B6 /* CopyFiles */,
			);
			buildRules = (
			);
			dependencies = (
			);
			name = cpp_primer;
			productName = cpp_primer;
			productReference = 446F01501D6C875A0045E0B6 /* cpp_primer */;
			productType = "com.apple.product-type.tool";
		};
/* End PBXNativeTarget section */

/* Begin PBXProject section */
		446F01481D6C875A0045E0B6 /* Project object */ = {
			isa = PBXProject;
			attributes = {
				LastUpgradeCheck = 0730;
				ORGANIZATIONNAME = yangwei;
				TargetAttributes = {
					446F014F1D6C875A0045E0B6 = {
						CreatedOnToolsVersion = 7.3.1;
					};
				};
			};
			buildConfigurationList = 446F014B1D6C875A0045E0B6 /* Build configuration list for PBXProject "cpp_primer" */;
			compatibilityVersion = "Xcode 3.2";
			developmentRegion = English;
			hasScannedForEncodings = 0;
			knownRegions = (
				en,
			);
			mainGroup = 446F01471D6C875A0045E0B6;
			productRefGroup = 446F01511D6C875A0045E0B6 /* Products */;
			projectDirPath = "";
			projectRoot = "";
			targets = (
				446F014F1D6C875A0045E0B6 /* cpp_primer */,
			);
		};
/* End PBXProject section */

/* Begin PBXSourcesBuildPhase section */
		446F014C1D6C875A0045E0B6 /* Sources */ = {
			isa = PBXSourcesBuildPhase;
			buildActionMask = 2147483647;
			files = (
				446F01541D6C875A0045E0B6 /* main.cpp in Sources */,
				DAD0D32E1D6D92D000D0B9AE /* chapter6.cpp in Sources */,
				446F01601D6C8E190045E0B6 /* chapter3.cpp in Sources */,
			);
			runOnlyForDeploymentPostprocessing = 0;
		};
/* End PBXSourcesBuildPhase section */

/* Begin XCBuildConfiguration section */
		446F01551D6C875A0045E0B6 /* Debug */ = {
			isa = XCBuildConfiguration;
			buildSettings = {
				ALWAYS_SEARCH_USER_PATHS = NO;
				CLANG_ANALYZER_NONNULL = YES;
				CLANG_CXX_LANGUAGE_STANDARD = "gnu++0x";
				CLANG_CXX_LIBRARY = "libc++";
				CLANG_ENABLE_MODULES = YES;
				CLANG_ENABLE_OBJC_ARC = YES;
				CLANG_WARN_BOOL_CONVERSION = YES;
				CLANG_WARN_CONSTANT_CONVERSION = YES;
				CLANG_WARN_DIRECT_OBJC_ISA_USAGE = YES_ERROR;
				CLANG_WARN_EMPTY_BODY = YES;
				CLANG_WARN_ENUM_CONVERSION = YES;
				CLANG_WARN_INT_CONVERSION = YES;
				CLANG_WARN_OBJC_ROOT_CLASS = YES_ERROR;
				CLANG_WARN_UNREACHABLE_CODE = YES;
				CLANG_WARN__DUPLICATE_METHOD_MATCH = YES;
				CODE_SIGN_IDENTITY = "-";
				COPY_PHASE_STRIP = NO;
				DEBUG_INFORMATION_FORMAT = dwarf;
				ENABLE_STRICT_OBJC_MSGSEND = YES;
				ENABLE_TESTABILITY = YES;
				GCC_C_LANGUAGE_STANDARD = gnu99;
				GCC_DYNAMIC_NO_PIC = NO;
				GCC_NO_COMMON_BLOCKS = YES;
				GCC_OPTIMIZATION_LEVEL = 0;
				GCC_PREPROCESSOR_DEFINITIONS = (
					"DEBUG=1",
					"$(inherited)",
				);
				GCC_WARN_64_TO_32_BIT_CONVERSION = YES;
				GCC_WARN_ABOUT_RETURN_TYPE = YES_ERROR;
				GCC_WARN_UNDECLARED_SELECTOR = YES;
				GCC_WARN_UNINITIALIZED_AUTOS = YES_AGGRESSIVE;
				GCC_WARN_UNUSED_FUNCTION = YES;
				GCC_WARN_UNUSED_VARIABLE = YES;
				MACOSX_DEPLOYMENT_TARGET = 10.11;
				MTL_ENABLE_DEBUG_INFO = YES;
				ONLY_ACTIVE_ARCH = YES;
				SDKROOT = macosx;
			};
			name = Debug;
		};
		446F01561D6C875A0045E0B6 /* Release */ = {
			isa = XCBuildConfiguration;
			buildSettings = {
				ALWAYS_SEARCH_USER_PATHS = NO;
				CLANG_ANALYZER_NONNULL = YES;
				CLANG_CXX_LANGUAGE_STANDARD = "gnu++0x";
				CLANG_CXX_LIBRARY = "libc++";
				CLANG_ENABLE_MODULES = YES;
				CLANG_ENABLE_OBJC_ARC = YES;
				CLANG_WARN_BOOL_CONVERSION = YES;
				CLANG_WARN_CONSTANT_CONVERSION = YES;
				CLANG_WARN_DIRECT_OBJC_ISA_USAGE = YES_ERROR;
				CLANG_WARN_EMPTY_BODY = YES;
				CLANG_WARN_ENUM_CONVERSION = YES;
				CLANG_WARN_INT_CONVERSION = YES;
				CLANG_WARN_OBJC_ROOT_CLASS = YES_ERROR;
				CLANG_WARN_UNREACHABLE_CODE = YES;
				CLANG_WARN__DUPLICATE_METHOD_MATCH = YES;
				CODE_SIGN_IDENTITY = "-";
				COPY_PHASE_STRIP = NO;
				DEBUG_INFORMATION_FORMAT = "dwarf-with-dsym";
				ENABLE_NS_ASSERTIONS = NO;
				ENABLE_STRICT_OBJC_MSGSEND = YES;
				GCC_C_LANGUAGE_STANDARD = gnu99;
				GCC_NO_COMMON_BLOCKS = YES;
				GCC_WARN_64_TO_32_BIT_CONVERSION = YES;
				GCC_WARN_ABOUT_RETURN_TYPE = YES_ERROR;
				GCC_WARN_UNDECLARED_SELECTOR = YES;
				GCC_WARN_UNINITIALIZED_AUTOS = YES_AGGRESSIVE;
				GCC_WARN_UNUSED_FUNCTION = YES;
				GCC_WARN_UNUSED_VARIABLE = YES;
				MACOSX_DEPLOYMENT_TARGET = 10.11;
				MTL_ENABLE_DEBUG_INFO = NO;
				SDKROOT = macosx;
			};
			name = Release;
		};
		446F01581D6C875A0045E0B6 /* Debug */ = {
			isa = XCBuildConfiguration;
			buildSettings = {
				PRODUCT_NAME = "$(TARGET_NAME)";
			};
			name = Debug;
		};
		446F01591D6C875A0045E0B6 /* Release */ = {
			isa = XCBuildConfiguration;
			buildSettings = {
				PRODUCT_NAME = "$(TARGET_NAME)";
			};
			name = Release;
		};
/* End XCBuildConfiguration section */

/* Begin XCConfigurationList section */
		446F014B1D6C875A0045E0B6 /* Build configuration list for PBXProject "cpp_primer" */ = {
			isa = XCConfigurationList;
			buildConfigurations = (
				446F01551D6C875A0045E0B6 /* Debug */,
				446F01561D6C875A0045E0B6 /* Release */,
			);
			defaultConfigurationIsVisible = 0;
			defaultConfigurationName = Release;
		};
		446F01571D6C875A0045E0B6 /* Build configuration list for PBXNativeTarget "cpp_primer" */ = {
			isa = XCConfigurationList;
			buildConfigurations = (
				446F01581D6C875A0045E0B6 /* Debug */,
				446F01591D6C875A0045E0B6 /* Release */,
			);
			defaultConfigurationIsVisible = 0;
			defaultConfigurationName = Release;
		};
/* End XCConfigurationList section */
	};
	rootObject = 446F01481D6C875A0045E0B6 /* Project object */;
}
